// !$*UTF8*$!
{
	archiveVersion = 1;
	classes = {
	};
	objectVersion = 50;
	objects = {

/* Begin PBXBuildFile section */
		162ABD342AF297515036DA1F /* Pods_EzOrder_Management_.framework in Frameworks */ = {isa = PBXBuildFile; fileRef = DBD7F3EEF13C9C581C2BF9D6 /* Pods_EzOrder_Management_.framework */; };
		2C0205A422B2492200062DF5 /* EditInfoViewController.swift in Sources */ = {isa = PBXBuildFile; fileRef = 2C0205A322B2492200062DF5 /* EditInfoViewController.swift */; };
		2C900B3F22B24A8000300EB3 /* EditMenuViewController.swift in Sources */ = {isa = PBXBuildFile; fileRef = 2C900B3E22B24A8000300EB3 /* EditMenuViewController.swift */; };
		2C900B4122B24B0400300EB3 /* MainTypeCollectionViewCell.swift in Sources */ = {isa = PBXBuildFile; fileRef = 2C900B4022B24B0400300EB3 /* MainTypeCollectionViewCell.swift */; };
		2C900B4522B24B7200300EB3 /* EditTypeCollectionViewCell.swift in Sources */ = {isa = PBXBuildFile; fileRef = 2C900B4422B24B7200300EB3 /* EditTypeCollectionViewCell.swift */; };
		2C900B4722B24BBC00300EB3 /* EditFoodCollectionViewCell.swift in Sources */ = {isa = PBXBuildFile; fileRef = 2C900B4622B24BBC00300EB3 /* EditFoodCollectionViewCell.swift */; };
		2C900B4922B24C0100300EB3 /* FoodDetailViewController.swift in Sources */ = {isa = PBXBuildFile; fileRef = 2C900B4822B24C0100300EB3 /* FoodDetailViewController.swift */; };
		2C900B4B22B24C9000300EB3 /* FoodViewController.swift in Sources */ = {isa = PBXBuildFile; fileRef = 2C900B4A22B24C9000300EB3 /* FoodViewController.swift */; };
		2C900B4D22B24CE000300EB3 /* TypeViewController.swift in Sources */ = {isa = PBXBuildFile; fileRef = 2C900B4C22B24CE000300EB3 /* TypeViewController.swift */; };
		2C900B4F22B2820900300EB3 /* MemberShipTableViewCell.swift in Sources */ = {isa = PBXBuildFile; fileRef = 2C900B4E22B2820900300EB3 /* MemberShipTableViewCell.swift */; };
		447A1765228C6E6B003AB41E /* AppDelegate.swift in Sources */ = {isa = PBXBuildFile; fileRef = 447A1764228C6E6B003AB41E /* AppDelegate.swift */; };
		447A176A228C6E6B003AB41E /* Main.storyboard in Resources */ = {isa = PBXBuildFile; fileRef = 447A1768228C6E6B003AB41E /* Main.storyboard */; };
		447A176C228C6E6C003AB41E /* Assets.xcassets in Resources */ = {isa = PBXBuildFile; fileRef = 447A176B228C6E6C003AB41E /* Assets.xcassets */; };
		447A176F228C6E6C003AB41E /* LaunchScreen.storyboard in Resources */ = {isa = PBXBuildFile; fileRef = 447A176D228C6E6C003AB41E /* LaunchScreen.storyboard */; };
		447A177B228C6F15003AB41E /* Membership.storyboard in Resources */ = {isa = PBXBuildFile; fileRef = 447A177A228C6F15003AB41E /* Membership.storyboard */; };
		447A177F228C6FB9003AB41E /* AD.storyboard in Resources */ = {isa = PBXBuildFile; fileRef = 447A177E228C6FB9003AB41E /* AD.storyboard */; };
		44DB382C22AFF61500C69C0B /* AdDetailViewController.swift in Sources */ = {isa = PBXBuildFile; fileRef = 44DB382B22AFF61500C69C0B /* AdDetailViewController.swift */; };
		44DB382E22AFFDC500C69C0B /* GoogleService-Info.plist in Resources */ = {isa = PBXBuildFile; fileRef = 44DB382D22AFFDC500C69C0B /* GoogleService-Info.plist */; };
		9DA955BE22A8D09E009365F5 /* MemberShipTableViewController.swift in Sources */ = {isa = PBXBuildFile; fileRef = 9DA955BD22A8D09E009365F5 /* MemberShipTableViewController.swift */; };
		9DA955C622A8DF16009365F5 /* OpenDetailViewController.swift in Sources */ = {isa = PBXBuildFile; fileRef = 9DA955C522A8DF16009365F5 /* OpenDetailViewController.swift */; };
		9DA955C822A8E134009365F5 /* AdTableViewController.swift in Sources */ = {isa = PBXBuildFile; fileRef = 9DA955C722A8E134009365F5 /* AdTableViewController.swift */; };
		9DA955CA22A8E158009365F5 /* AdTableViewCell.swift in Sources */ = {isa = PBXBuildFile; fileRef = 9DA955C922A8E158009365F5 /* AdTableViewCell.swift */; };
		9DA955CE22A8F4E1009365F5 /* RestaurantApplication.swift in Sources */ = {isa = PBXBuildFile; fileRef = 9DA955CD22A8F4E1009365F5 /* RestaurantApplication.swift */; };
/* End PBXBuildFile section */

/* Begin PBXFileReference section */
		2C0205A322B2492200062DF5 /* EditInfoViewController.swift */ = {isa = PBXFileReference; lastKnownFileType = sourcecode.swift; path = EditInfoViewController.swift; sourceTree = "<group>"; };
		2C900B3E22B24A8000300EB3 /* EditMenuViewController.swift */ = {isa = PBXFileReference; lastKnownFileType = sourcecode.swift; path = EditMenuViewController.swift; sourceTree = "<group>"; };
		2C900B4022B24B0400300EB3 /* MainTypeCollectionViewCell.swift */ = {isa = PBXFileReference; lastKnownFileType = sourcecode.swift; path = MainTypeCollectionViewCell.swift; sourceTree = "<group>"; };
		2C900B4422B24B7200300EB3 /* EditTypeCollectionViewCell.swift */ = {isa = PBXFileReference; lastKnownFileType = sourcecode.swift; path = EditTypeCollectionViewCell.swift; sourceTree = "<group>"; };
		2C900B4622B24BBC00300EB3 /* EditFoodCollectionViewCell.swift */ = {isa = PBXFileReference; lastKnownFileType = sourcecode.swift; path = EditFoodCollectionViewCell.swift; sourceTree = "<group>"; };
		2C900B4822B24C0100300EB3 /* FoodDetailViewController.swift */ = {isa = PBXFileReference; lastKnownFileType = sourcecode.swift; path = FoodDetailViewController.swift; sourceTree = "<group>"; };
		2C900B4A22B24C9000300EB3 /* FoodViewController.swift */ = {isa = PBXFileReference; lastKnownFileType = sourcecode.swift; path = FoodViewController.swift; sourceTree = "<group>"; };
		2C900B4C22B24CE000300EB3 /* TypeViewController.swift */ = {isa = PBXFileReference; lastKnownFileType = sourcecode.swift; path = TypeViewController.swift; sourceTree = "<group>"; };
		2C900B4E22B2820900300EB3 /* MemberShipTableViewCell.swift */ = {isa = PBXFileReference; lastKnownFileType = sourcecode.swift; path = MemberShipTableViewCell.swift; sourceTree = "<group>"; };
		447A1761228C6E6B003AB41E /* EzOrder(Management).app */ = {isa = PBXFileReference; explicitFileType = wrapper.application; includeInIndex = 0; path = "EzOrder(Management).app"; sourceTree = BUILT_PRODUCTS_DIR; };
		447A1764228C6E6B003AB41E /* AppDelegate.swift */ = {isa = PBXFileReference; lastKnownFileType = sourcecode.swift; path = AppDelegate.swift; sourceTree = "<group>"; };
		447A1769228C6E6B003AB41E /* Base */ = {isa = PBXFileReference; lastKnownFileType = file.storyboard; name = Base; path = Base.lproj/Main.storyboard; sourceTree = "<group>"; };
		447A176B228C6E6C003AB41E /* Assets.xcassets */ = {isa = PBXFileReference; lastKnownFileType = folder.assetcatalog; path = Assets.xcassets; sourceTree = "<group>"; };
		447A176E228C6E6C003AB41E /* Base */ = {isa = PBXFileReference; lastKnownFileType = file.storyboard; name = Base; path = Base.lproj/LaunchScreen.storyboard; sourceTree = "<group>"; };
		447A1770228C6E6C003AB41E /* Info.plist */ = {isa = PBXFileReference; lastKnownFileType = text.plist.xml; path = Info.plist; sourceTree = "<group>"; };
		447A177A228C6F15003AB41E /* Membership.storyboard */ = {isa = PBXFileReference; lastKnownFileType = file.storyboard; path = Membership.storyboard; sourceTree = "<group>"; };
		447A177E228C6FB9003AB41E /* AD.storyboard */ = {isa = PBXFileReference; lastKnownFileType = file.storyboard; path = AD.storyboard; sourceTree = "<group>"; };
		44DB382B22AFF61500C69C0B /* AdDetailViewController.swift */ = {isa = PBXFileReference; lastKnownFileType = sourcecode.swift; path = AdDetailViewController.swift; sourceTree = "<group>"; };
		44DB382D22AFFDC500C69C0B /* GoogleService-Info.plist */ = {isa = PBXFileReference; fileEncoding = 4; lastKnownFileType = text.plist.xml; path = "GoogleService-Info.plist"; sourceTree = "<group>"; };
		5932F6E8E30E2C75161FA2C3 /* Pods-EzOrder(Management).release.xcconfig */ = {isa = PBXFileReference; includeInIndex = 1; lastKnownFileType = text.xcconfig; name = "Pods-EzOrder(Management).release.xcconfig"; path = "Target Support Files/Pods-EzOrder(Management)/Pods-EzOrder(Management).release.xcconfig"; sourceTree = "<group>"; };
		9DA955BD22A8D09E009365F5 /* MemberShipTableViewController.swift */ = {isa = PBXFileReference; lastKnownFileType = sourcecode.swift; path = MemberShipTableViewController.swift; sourceTree = "<group>"; };
		9DA955C522A8DF16009365F5 /* OpenDetailViewController.swift */ = {isa = PBXFileReference; lastKnownFileType = sourcecode.swift; path = OpenDetailViewController.swift; sourceTree = "<group>"; };
		9DA955C722A8E134009365F5 /* AdTableViewController.swift */ = {isa = PBXFileReference; lastKnownFileType = sourcecode.swift; path = AdTableViewController.swift; sourceTree = "<group>"; };
		9DA955C922A8E158009365F5 /* AdTableViewCell.swift */ = {isa = PBXFileReference; lastKnownFileType = sourcecode.swift; path = AdTableViewCell.swift; sourceTree = "<group>"; };
		9DA955CD22A8F4E1009365F5 /* RestaurantApplication.swift */ = {isa = PBXFileReference; lastKnownFileType = sourcecode.swift; path = RestaurantApplication.swift; sourceTree = "<group>"; };
		DBD7F3EEF13C9C581C2BF9D6 /* Pods_EzOrder_Management_.framework */ = {isa = PBXFileReference; explicitFileType = wrapper.framework; includeInIndex = 0; path = Pods_EzOrder_Management_.framework; sourceTree = BUILT_PRODUCTS_DIR; };
		F7608EF14A4A7A306CC377AA /* Pods-EzOrder(Management).debug.xcconfig */ = {isa = PBXFileReference; includeInIndex = 1; lastKnownFileType = text.xcconfig; name = "Pods-EzOrder(Management).debug.xcconfig"; path = "Target Support Files/Pods-EzOrder(Management)/Pods-EzOrder(Management).debug.xcconfig"; sourceTree = "<group>"; };
/* End PBXFileReference section */

/* Begin PBXFrameworksBuildPhase section */
		447A175E228C6E6B003AB41E /* Frameworks */ = {
			isa = PBXFrameworksBuildPhase;
			buildActionMask = 2147483647;
			files = (
				162ABD342AF297515036DA1F /* Pods_EzOrder_Management_.framework in Frameworks */,
			);
			runOnlyForDeploymentPostprocessing = 0;
		};
/* End PBXFrameworksBuildPhase section */

/* Begin PBXGroup section */
		447A1758228C6E6B003AB41E = {
			isa = PBXGroup;
			children = (
				447A1763228C6E6B003AB41E /* EzOrder(Management) */,
				447A1762228C6E6B003AB41E /* Products */,
				4E4E9A69D12F93C4675025B5 /* Pods */,
				A343668052F8AD3AF259FDDB /* Frameworks */,
			);
			sourceTree = "<group>";
		};
		447A1762228C6E6B003AB41E /* Products */ = {
			isa = PBXGroup;
			children = (
				447A1761228C6E6B003AB41E /* EzOrder(Management).app */,
			);
			name = Products;
			sourceTree = "<group>";
		};
		447A1763228C6E6B003AB41E /* EzOrder(Management) */ = {
			isa = PBXGroup;
			children = (
				447A1764228C6E6B003AB41E /* AppDelegate.swift */,
				9DA955C122A8D2EF009365F5 /* Server */,
				447A1779228C6E8D003AB41E /* Model */,
				447A1778228C6E8B003AB41E /* View */,
				9DA955C422A8D693009365F5 /* Controller */,
				447A1776228C6E88003AB41E /* Supporting File */,
				447A1770228C6E6C003AB41E /* Info.plist */,
				44DB382D22AFFDC500C69C0B /* GoogleService-Info.plist */,
			);
			path = "EzOrder(Management)";
			sourceTree = "<group>";
		};
		447A1776228C6E88003AB41E /* Supporting File */ = {
			isa = PBXGroup;
			children = (
				447A176D228C6E6C003AB41E /* LaunchScreen.storyboard */,
				447A176B228C6E6C003AB41E /* Assets.xcassets */,
			);
			path = "Supporting File";
			sourceTree = "<group>";
		};
		447A1778228C6E8B003AB41E /* View */ = {
			isa = PBXGroup;
			children = (
				447A1782228C6FE9003AB41E /* Membership */,
				447A1780228C6FE5003AB41E /* AD */,
			);
			path = View;
			sourceTree = "<group>";
		};
		447A1779228C6E8D003AB41E /* Model */ = {
			isa = PBXGroup;
			children = (
				447A1768228C6E6B003AB41E /* Main.storyboard */,
				447A177E228C6FB9003AB41E /* AD.storyboard */,
				447A177A228C6F15003AB41E /* Membership.storyboard */,
				2C900B4C22B24CE000300EB3 /* TypeViewController.swift */,
				2C900B4A22B24C9000300EB3 /* FoodViewController.swift */,
				2C900B3E22B24A8000300EB3 /* EditMenuViewController.swift */,
				2C900B4822B24C0100300EB3 /* FoodDetailViewController.swift */,
				2C900B4622B24BBC00300EB3 /* EditFoodCollectionViewCell.swift */,
				2C900B4022B24B0400300EB3 /* MainTypeCollectionViewCell.swift */,
				9DA955CD22A8F4E1009365F5 /* RestaurantApplication.swift */,
				2C900B4422B24B7200300EB3 /* EditTypeCollectionViewCell.swift */,
			);
			path = Model;
			sourceTree = "<group>";
		};
		447A1780228C6FE5003AB41E /* AD */ = {
			isa = PBXGroup;
			children = (
				9DA955C922A8E158009365F5 /* AdTableViewCell.swift */,
			);
			path = AD;
			sourceTree = "<group>";
		};
		447A1782228C6FE9003AB41E /* Membership */ = {
			isa = PBXGroup;
			children = (
				2C900B4E22B2820900300EB3 /* MemberShipTableViewCell.swift */,
			);
			path = Membership;
			sourceTree = "<group>";
		};
		4E4E9A69D12F93C4675025B5 /* Pods */ = {
			isa = PBXGroup;
			children = (
				F7608EF14A4A7A306CC377AA /* Pods-EzOrder(Management).debug.xcconfig */,
				5932F6E8E30E2C75161FA2C3 /* Pods-EzOrder(Management).release.xcconfig */,
			);
			path = Pods;
			sourceTree = "<group>";
		};
		9DA955C122A8D2EF009365F5 /* Server */ = {
			isa = PBXGroup;
			children = (
			);
			path = Server;
			sourceTree = "<group>";
		};
		9DA955C422A8D693009365F5 /* Controller */ = {
			isa = PBXGroup;
			children = (
				2C0205A322B2492200062DF5 /* EditInfoViewController.swift */,
				9DA955C722A8E134009365F5 /* AdTableViewController.swift */,
				44DB382B22AFF61500C69C0B /* AdDetailViewController.swift */,
				9DA955BD22A8D09E009365F5 /* MemberShipTableViewController.swift */,
				9DA955C522A8DF16009365F5 /* OpenDetailViewController.swift */,
			);
			path = Controller;
			sourceTree = "<group>";
		};
		A343668052F8AD3AF259FDDB /* Frameworks */ = {
			isa = PBXGroup;
			children = (
				DBD7F3EEF13C9C581C2BF9D6 /* Pods_EzOrder_Management_.framework */,
			);
			name = Frameworks;
			sourceTree = "<group>";
		};
/* End PBXGroup section */

/* Begin PBXNativeTarget section */
		447A1760228C6E6B003AB41E /* EzOrder(Management) */ = {
			isa = PBXNativeTarget;
			buildConfigurationList = 447A1773228C6E6C003AB41E /* Build configuration list for PBXNativeTarget "EzOrder(Management)" */;
			buildPhases = (
				3B50CFED2749401198376FEF /* [CP] Check Pods Manifest.lock */,
				447A175D228C6E6B003AB41E /* Sources */,
				447A175E228C6E6B003AB41E /* Frameworks */,
				447A175F228C6E6B003AB41E /* Resources */,
				33F6E09E188984F5C19E0642 /* [CP] Embed Pods Frameworks */,
			);
			buildRules = (
			);
			dependencies = (
			);
			name = "EzOrder(Management)";
			productName = "EzOrder(Management)";
			productReference = 447A1761228C6E6B003AB41E /* EzOrder(Management).app */;
			productType = "com.apple.product-type.application";
		};
/* End PBXNativeTarget section */

/* Begin PBXProject section */
		447A1759228C6E6B003AB41E /* Project object */ = {
			isa = PBXProject;
			attributes = {
				LastSwiftUpdateCheck = 1020;
				LastUpgradeCheck = 1020;
				ORGANIZATIONNAME = TerryLee;
				TargetAttributes = {
					447A1760228C6E6B003AB41E = {
						CreatedOnToolsVersion = 10.2.1;
					};
				};
			};
			buildConfigurationList = 447A175C228C6E6B003AB41E /* Build configuration list for PBXProject "EzOrder(Management)" */;
			compatibilityVersion = "Xcode 9.3";
			developmentRegion = en;
			hasScannedForEncodings = 0;
			knownRegions = (
				en,
				Base,
			);
			mainGroup = 447A1758228C6E6B003AB41E;
			productRefGroup = 447A1762228C6E6B003AB41E /* Products */;
			projectDirPath = "";
			projectRoot = "";
			targets = (
				447A1760228C6E6B003AB41E /* EzOrder(Management) */,
			);
		};
/* End PBXProject section */

/* Begin PBXResourcesBuildPhase section */
		447A175F228C6E6B003AB41E /* Resources */ = {
			isa = PBXResourcesBuildPhase;
			buildActionMask = 2147483647;
			files = (
				447A176F228C6E6C003AB41E /* LaunchScreen.storyboard in Resources */,
				447A176C228C6E6C003AB41E /* Assets.xcassets in Resources */,
				447A177F228C6FB9003AB41E /* AD.storyboard in Resources */,
				447A177B228C6F15003AB41E /* Membership.storyboard in Resources */,
				447A176A228C6E6B003AB41E /* Main.storyboard in Resources */,
				44DB382E22AFFDC500C69C0B /* GoogleService-Info.plist in Resources */,
			);
			runOnlyForDeploymentPostprocessing = 0;
		};
/* End PBXResourcesBuildPhase section */

/* Begin PBXShellScriptBuildPhase section */
		33F6E09E188984F5C19E0642 /* [CP] Embed Pods Frameworks */ = {
			isa = PBXShellScriptBuildPhase;
			buildActionMask = 2147483647;
			files = (
			);
			inputFileListPaths = (
			);
			inputPaths = (
				"${PODS_ROOT}/Target Support Files/Pods-EzOrder(Management)/Pods-EzOrder(Management)-frameworks.sh",
				"${BUILT_PRODUCTS_DIR}/BoringSSL-GRPC/openssl_grpc.framework",
				"${BUILT_PRODUCTS_DIR}/GTMSessionFetcher/GTMSessionFetcher.framework",
				"${BUILT_PRODUCTS_DIR}/GoogleUtilities/GoogleUtilities.framework",
				"${BUILT_PRODUCTS_DIR}/Kingfisher/Kingfisher.framework",
				"${BUILT_PRODUCTS_DIR}/Protobuf/Protobuf.framework",
				"${BUILT_PRODUCTS_DIR}/SVProgressHUD/SVProgressHUD.framework",
				"${BUILT_PRODUCTS_DIR}/ViewAnimator/ViewAnimator.framework",
				"${BUILT_PRODUCTS_DIR}/gRPC-C++/grpcpp.framework",
				"${BUILT_PRODUCTS_DIR}/gRPC-Core/grpc.framework",
				"${BUILT_PRODUCTS_DIR}/leveldb-library/leveldb.framework",
				"${BUILT_PRODUCTS_DIR}/nanopb/nanopb.framework",
			);
			name = "[CP] Embed Pods Frameworks";
			outputFileListPaths = (
			);
			outputPaths = (
				"${TARGET_BUILD_DIR}/${FRAMEWORKS_FOLDER_PATH}/openssl_grpc.framework",
				"${TARGET_BUILD_DIR}/${FRAMEWORKS_FOLDER_PATH}/GTMSessionFetcher.framework",
				"${TARGET_BUILD_DIR}/${FRAMEWORKS_FOLDER_PATH}/GoogleUtilities.framework",
				"${TARGET_BUILD_DIR}/${FRAMEWORKS_FOLDER_PATH}/Kingfisher.framework",
				"${TARGET_BUILD_DIR}/${FRAMEWORKS_FOLDER_PATH}/Protobuf.framework",
				"${TARGET_BUILD_DIR}/${FRAMEWORKS_FOLDER_PATH}/SVProgressHUD.framework",
				"${TARGET_BUILD_DIR}/${FRAMEWORKS_FOLDER_PATH}/ViewAnimator.framework",
				"${TARGET_BUILD_DIR}/${FRAMEWORKS_FOLDER_PATH}/grpcpp.framework",
				"${TARGET_BUILD_DIR}/${FRAMEWORKS_FOLDER_PATH}/grpc.framework",
				"${TARGET_BUILD_DIR}/${FRAMEWORKS_FOLDER_PATH}/leveldb.framework",
				"${TARGET_BUILD_DIR}/${FRAMEWORKS_FOLDER_PATH}/nanopb.framework",
			);
			runOnlyForDeploymentPostprocessing = 0;
			shellPath = /bin/sh;
			shellScript = "\"${PODS_ROOT}/Target Support Files/Pods-EzOrder(Management)/Pods-EzOrder(Management)-frameworks.sh\"\n";
			showEnvVarsInLog = 0;
		};
		3B50CFED2749401198376FEF /* [CP] Check Pods Manifest.lock */ = {
			isa = PBXShellScriptBuildPhase;
			buildActionMask = 2147483647;
			files = (
			);
			inputFileListPaths = (
			);
			inputPaths = (
				"${PODS_PODFILE_DIR_PATH}/Podfile.lock",
				"${PODS_ROOT}/Manifest.lock",
			);
			name = "[CP] Check Pods Manifest.lock";
			outputFileListPaths = (
			);
			outputPaths = (
				"$(DERIVED_FILE_DIR)/Pods-EzOrder(Management)-checkManifestLockResult.txt",
			);
			runOnlyForDeploymentPostprocessing = 0;
			shellPath = /bin/sh;
			shellScript = "diff \"${PODS_PODFILE_DIR_PATH}/Podfile.lock\" \"${PODS_ROOT}/Manifest.lock\" > /dev/null\nif [ $? != 0 ] ; then\n    # print error to STDERR\n    echo \"error: The sandbox is not in sync with the Podfile.lock. Run 'pod install' or update your CocoaPods installation.\" >&2\n    exit 1\nfi\n# This output is used by Xcode 'outputs' to avoid re-running this script phase.\necho \"SUCCESS\" > \"${SCRIPT_OUTPUT_FILE_0}\"\n";
			showEnvVarsInLog = 0;
		};
/* End PBXShellScriptBuildPhase section */

/* Begin PBXSourcesBuildPhase section */
		447A175D228C6E6B003AB41E /* Sources */ = {
			isa = PBXSourcesBuildPhase;
			buildActionMask = 2147483647;
			files = (
				2C0205A422B2492200062DF5 /* EditInfoViewController.swift in Sources */,
				2C900B4922B24C0100300EB3 /* FoodDetailViewController.swift in Sources */,
				44DB382C22AFF61500C69C0B /* AdDetailViewController.swift in Sources */,
				2C900B4122B24B0400300EB3 /* MainTypeCollectionViewCell.swift in Sources */,
				9DA955CA22A8E158009365F5 /* AdTableViewCell.swift in Sources */,
				2C900B4722B24BBC00300EB3 /* EditFoodCollectionViewCell.swift in Sources */,
				2C900B4D22B24CE000300EB3 /* TypeViewController.swift in Sources */,
				2C900B4F22B2820900300EB3 /* MemberShipTableViewCell.swift in Sources */,
				9DA955C822A8E134009365F5 /* AdTableViewController.swift in Sources */,
				9DA955C622A8DF16009365F5 /* OpenDetailViewController.swift in Sources */,
				2C900B4B22B24C9000300EB3 /* FoodViewController.swift in Sources */,
				2C900B4522B24B7200300EB3 /* EditTypeCollectionViewCell.swift in Sources */,
				9DA955BE22A8D09E009365F5 /* MemberShipTableViewController.swift in Sources */,
				447A1765228C6E6B003AB41E /* AppDelegate.swift in Sources */,
				9DA955CE22A8F4E1009365F5 /* RestaurantApplication.swift in Sources */,
				2C900B3F22B24A8000300EB3 /* EditMenuViewController.swift in Sources */,
			);
			runOnlyForDeploymentPostprocessing = 0;
		};
/* End PBXSourcesBuildPhase section */

/* Begin PBXVariantGroup section */
		447A1768228C6E6B003AB41E /* Main.storyboard */ = {
			isa = PBXVariantGroup;
			children = (
				447A1769228C6E6B003AB41E /* Base */,
			);
			name = Main.storyboard;
			sourceTree = "<group>";
		};
		447A176D228C6E6C003AB41E /* LaunchScreen.storyboard */ = {
			isa = PBXVariantGroup;
			children = (
				447A176E228C6E6C003AB41E /* Base */,
			);
			name = LaunchScreen.storyboard;
			sourceTree = "<group>";
		};
/* End PBXVariantGroup section */

/* Begin XCBuildConfiguration section */
		447A1771228C6E6C003AB41E /* Debug */ = {
			isa = XCBuildConfiguration;
			buildSettings = {
				ALWAYS_SEARCH_USER_PATHS = NO;
				CLANG_ANALYZER_NONNULL = YES;
				CLANG_ANALYZER_NUMBER_OBJECT_CONVERSION = YES_AGGRESSIVE;
				CLANG_CXX_LANGUAGE_STANDARD = "gnu++14";
				CLANG_CXX_LIBRARY = "libc++";
				CLANG_ENABLE_MODULES = YES;
				CLANG_ENABLE_OBJC_ARC = YES;
				CLANG_ENABLE_OBJC_WEAK = YES;
				CLANG_WARN_BLOCK_CAPTURE_AUTORELEASING = YES;
				CLANG_WARN_BOOL_CONVERSION = YES;
				CLANG_WARN_COMMA = YES;
				CLANG_WARN_CONSTANT_CONVERSION = YES;
				CLANG_WARN_DEPRECATED_OBJC_IMPLEMENTATIONS = YES;
				CLANG_WARN_DIRECT_OBJC_ISA_USAGE = YES_ERROR;
				CLANG_WARN_DOCUMENTATION_COMMENTS = YES;
				CLANG_WARN_EMPTY_BODY = YES;
				CLANG_WARN_ENUM_CONVERSION = YES;
				CLANG_WARN_INFINITE_RECURSION = YES;
				CLANG_WARN_INT_CONVERSION = YES;
				CLANG_WARN_NON_LITERAL_NULL_CONVERSION = YES;
				CLANG_WARN_OBJC_IMPLICIT_RETAIN_SELF = YES;
				CLANG_WARN_OBJC_LITERAL_CONVERSION = YES;
				CLANG_WARN_OBJC_ROOT_CLASS = YES_ERROR;
				CLANG_WARN_RANGE_LOOP_ANALYSIS = YES;
				CLANG_WARN_STRICT_PROTOTYPES = YES;
				CLANG_WARN_SUSPICIOUS_MOVE = YES;
				CLANG_WARN_UNGUARDED_AVAILABILITY = YES_AGGRESSIVE;
				CLANG_WARN_UNREACHABLE_CODE = YES;
				CLANG_WARN__DUPLICATE_METHOD_MATCH = YES;
				CODE_SIGN_IDENTITY = "iPhone Developer";
				COPY_PHASE_STRIP = NO;
				DEBUG_INFORMATION_FORMAT = dwarf;
				ENABLE_STRICT_OBJC_MSGSEND = YES;
				ENABLE_TESTABILITY = YES;
				GCC_C_LANGUAGE_STANDARD = gnu11;
				GCC_DYNAMIC_NO_PIC = NO;
				GCC_NO_COMMON_BLOCKS = YES;
				GCC_OPTIMIZATION_LEVEL = 0;
				GCC_PREPROCESSOR_DEFINITIONS = (
					"DEBUG=1",
					"$(inherited)",
				);
				GCC_WARN_64_TO_32_BIT_CONVERSION = YES;
				GCC_WARN_ABOUT_RETURN_TYPE = YES_ERROR;
				GCC_WARN_UNDECLARED_SELECTOR = YES;
				GCC_WARN_UNINITIALIZED_AUTOS = YES_AGGRESSIVE;
				GCC_WARN_UNUSED_FUNCTION = YES;
				GCC_WARN_UNUSED_VARIABLE = YES;
				IPHONEOS_DEPLOYMENT_TARGET = 12.2;
				MTL_ENABLE_DEBUG_INFO = INCLUDE_SOURCE;
				MTL_FAST_MATH = YES;
				ONLY_ACTIVE_ARCH = YES;
				SDKROOT = iphoneos;
				SWIFT_ACTIVE_COMPILATION_CONDITIONS = DEBUG;
				SWIFT_OPTIMIZATION_LEVEL = "-Onone";
			};
			name = Debug;
		};
		447A1772228C6E6C003AB41E /* Release */ = {
			isa = XCBuildConfiguration;
			buildSettings = {
				ALWAYS_SEARCH_USER_PATHS = NO;
				CLANG_ANALYZER_NONNULL = YES;
				CLANG_ANALYZER_NUMBER_OBJECT_CONVERSION = YES_AGGRESSIVE;
				CLANG_CXX_LANGUAGE_STANDARD = "gnu++14";
				CLANG_CXX_LIBRARY = "libc++";
				CLANG_ENABLE_MODULES = YES;
				CLANG_ENABLE_OBJC_ARC = YES;
				CLANG_ENABLE_OBJC_WEAK = YES;
				CLANG_WARN_BLOCK_CAPTURE_AUTORELEASING = YES;
				CLANG_WARN_BOOL_CONVERSION = YES;
				CLANG_WARN_COMMA = YES;
				CLANG_WARN_CONSTANT_CONVERSION = YES;
				CLANG_WARN_DEPRECATED_OBJC_IMPLEMENTATIONS = YES;
				CLANG_WARN_DIRECT_OBJC_ISA_USAGE = YES_ERROR;
				CLANG_WARN_DOCUMENTATION_COMMENTS = YES;
				CLANG_WARN_EMPTY_BODY = YES;
				CLANG_WARN_ENUM_CONVERSION = YES;
				CLANG_WARN_INFINITE_RECURSION = YES;
				CLANG_WARN_INT_CONVERSION = YES;
				CLANG_WARN_NON_LITERAL_NULL_CONVERSION = YES;
				CLANG_WARN_OBJC_IMPLICIT_RETAIN_SELF = YES;
				CLANG_WARN_OBJC_LITERAL_CONVERSION = YES;
				CLANG_WARN_OBJC_ROOT_CLASS = YES_ERROR;
				CLANG_WARN_RANGE_LOOP_ANALYSIS = YES;
				CLANG_WARN_STRICT_PROTOTYPES = YES;
				CLANG_WARN_SUSPICIOUS_MOVE = YES;
				CLANG_WARN_UNGUARDED_AVAILABILITY = YES_AGGRESSIVE;
				CLANG_WARN_UNREACHABLE_CODE = YES;
				CLANG_WARN__DUPLICATE_METHOD_MATCH = YES;
				CODE_SIGN_IDENTITY = "iPhone Developer";
				COPY_PHASE_STRIP = NO;
				DEBUG_INFORMATION_FORMAT = "dwarf-with-dsym";
				ENABLE_NS_ASSERTIONS = NO;
				ENABLE_STRICT_OBJC_MSGSEND = YES;
				GCC_C_LANGUAGE_STANDARD = gnu11;
				GCC_NO_COMMON_BLOCKS = YES;
				GCC_WARN_64_TO_32_BIT_CONVERSION = YES;
				GCC_WARN_ABOUT_RETURN_TYPE = YES_ERROR;
				GCC_WARN_UNDECLARED_SELECTOR = YES;
				GCC_WARN_UNINITIALIZED_AUTOS = YES_AGGRESSIVE;
				GCC_WARN_UNUSED_FUNCTION = YES;
				GCC_WARN_UNUSED_VARIABLE = YES;
				IPHONEOS_DEPLOYMENT_TARGET = 12.2;
				MTL_ENABLE_DEBUG_INFO = NO;
				MTL_FAST_MATH = YES;
				SDKROOT = iphoneos;
				SWIFT_COMPILATION_MODE = wholemodule;
				SWIFT_OPTIMIZATION_LEVEL = "-O";
				VALIDATE_PRODUCT = YES;
			};
			name = Release;
		};
		447A1774228C6E6C003AB41E /* Debug */ = {
			isa = XCBuildConfiguration;
			baseConfigurationReference = F7608EF14A4A7A306CC377AA /* Pods-EzOrder(Management).debug.xcconfig */;
			buildSettings = {
				ASSETCATALOG_COMPILER_APPICON_NAME = AppIcon;
				CODE_SIGN_STYLE = Automatic;
				DEVELOPMENT_TEAM = XVB2JZ6L9X;
				INFOPLIST_FILE = "EzOrder(Management)/Info.plist";
				LD_RUNPATH_SEARCH_PATHS = (
					"$(inherited)",
					"@executable_path/Frameworks",
				);
				PRODUCT_BUNDLE_IDENTIFIER = com.TerryLee.EzOrderManagement;
				PRODUCT_NAME = "$(TARGET_NAME)";
				SWIFT_VERSION = 5.0;
				TARGETED_DEVICE_FAMILY = "1,2";
			};
			name = Debug;
		};
		447A1775228C6E6C003AB41E /* Release */ = {
			isa = XCBuildConfiguration;
			baseConfigurationReference = 5932F6E8E30E2C75161FA2C3 /* Pods-EzOrder(Management).release.xcconfig */;
			buildSettings = {
				ASSETCATALOG_COMPILER_APPICON_NAME = AppIcon;
				CODE_SIGN_STYLE = Automatic;
				DEVELOPMENT_TEAM = XVB2JZ6L9X;
				INFOPLIST_FILE = "EzOrder(Management)/Info.plist";
				LD_RUNPATH_SEARCH_PATHS = (
					"$(inherited)",
					"@executable_path/Frameworks",
				);
				PRODUCT_BUNDLE_IDENTIFIER = com.TerryLee.EzOrderManagement;
				PRODUCT_NAME = "$(TARGET_NAME)";
				SWIFT_VERSION = 5.0;
				TARGETED_DEVICE_FAMILY = "1,2";
			};
			name = Release;
		};
/* End XCBuildConfiguration section */

/* Begin XCConfigurationList section */
		447A175C228C6E6B003AB41E /* Build configuration list for PBXProject "EzOrder(Management)" */ = {
			isa = XCConfigurationList;
			buildConfigurations = (
				447A1771228C6E6C003AB41E /* Debug */,
				447A1772228C6E6C003AB41E /* Release */,
			);
			defaultConfigurationIsVisible = 0;
			defaultConfigurationName = Release;
		};
		447A1773228C6E6C003AB41E /* Build configuration list for PBXNativeTarget "EzOrder(Management)" */ = {
			isa = XCConfigurationList;
			buildConfigurations = (
				447A1774228C6E6C003AB41E /* Debug */,
				447A1775228C6E6C003AB41E /* Release */,
			);
			defaultConfigurationIsVisible = 0;
			defaultConfigurationName = Release;
		};
/* End XCConfigurationList section */
	};
	rootObject = 447A1759228C6E6B003AB41E /* Project object */;
}
